# THIS IS AN AUTOGENERATED FILE. DO NOT EDIT THIS FILE DIRECTLY.
# yarn lockfile v1


pandoc@^0.2.0:
  version "0.2.0"
  resolved "https://registry.yarnpkg.com/pandoc/-/pandoc-0.2.0.tgz#897cf45d11e72ef6c5d7de667a7c30336c5d361b"
  integrity sha1-iXz0XRHnLvbF195menwwM2xdNhs=

yarn@^1.22.10:
  version "1.22.10"
  resolved "https://registry.yarnpkg.com/yarn/-/yarn-1.22.10.tgz#c99daa06257c80f8fa2c3f1490724e394c26b18c"
  integrity sha512-IanQGI9RRPAN87VGTF7zs2uxkSyQSrSPsju0COgbsKQOOXr5LtcVPeyXWgwVa0ywG3d8dg6kSYKGBuYK021qeA==
